// !$*UTF8*$!
{
	archiveVersion = 1;
	classes = {
	};
	objectVersion = 50;
	objects = {

/* Begin PBXBuildFile section */
		E3A47A3325EA2C51002BDE69 /* AppDelegate.swift in Sources */ = {isa = PBXBuildFile; fileRef = E3A47A3225EA2C51002BDE69 /* AppDelegate.swift */; };
		E3A47A3C25EA2C53002BDE69 /* Assets.xcassets in Resources */ = {isa = PBXBuildFile; fileRef = E3A47A3B25EA2C53002BDE69 /* Assets.xcassets */; };
		E3A47A3F25EA2C53002BDE69 /* LaunchScreen.storyboard in Resources */ = {isa = PBXBuildFile; fileRef = E3A47A3D25EA2C53002BDE69 /* LaunchScreen.storyboard */; };
		E3A47A5025EA2D8C002BDE69 /* TabBarController.swift in Sources */ = {isa = PBXBuildFile; fileRef = E3A47A4F25EA2D8C002BDE69 /* TabBarController.swift */; };
		E3A47A5825EA2FCC002BDE69 /* StocksListProtocols.swift in Sources */ = {isa = PBXBuildFile; fileRef = E3A47A5725EA2FCC002BDE69 /* StocksListProtocols.swift */; };
		E3A47A5D25EA2FDE002BDE69 /* StocksListRouter.swift in Sources */ = {isa = PBXBuildFile; fileRef = E3A47A5C25EA2FDE002BDE69 /* StocksListRouter.swift */; };
		E3A47A6025EA2FEA002BDE69 /* StocksListInteractor.swift in Sources */ = {isa = PBXBuildFile; fileRef = E3A47A5F25EA2FEA002BDE69 /* StocksListInteractor.swift */; };
		E3A47A6325EA2FF7002BDE69 /* StocksListViewController.swift in Sources */ = {isa = PBXBuildFile; fileRef = E3A47A6225EA2FF7002BDE69 /* StocksListViewController.swift */; };
		E3A47A6625EA3006002BDE69 /* StocksListContainer.swift in Sources */ = {isa = PBXBuildFile; fileRef = E3A47A6525EA3006002BDE69 /* StocksListContainer.swift */; };
		E3A47A6925EA304F002BDE69 /* StocksListPresenter.swift in Sources */ = {isa = PBXBuildFile; fileRef = E3A47A6825EA304F002BDE69 /* StocksListPresenter.swift */; };
/* End PBXBuildFile section */

/* Begin PBXFileReference section */
		E3A47A2F25EA2C51002BDE69 /* TossACoin.app */ = {isa = PBXFileReference; explicitFileType = wrapper.application; includeInIndex = 0; path = TossACoin.app; sourceTree = BUILT_PRODUCTS_DIR; };
		E3A47A3225EA2C51002BDE69 /* AppDelegate.swift */ = {isa = PBXFileReference; lastKnownFileType = sourcecode.swift; path = AppDelegate.swift; sourceTree = "<group>"; };
		E3A47A3B25EA2C53002BDE69 /* Assets.xcassets */ = {isa = PBXFileReference; lastKnownFileType = folder.assetcatalog; path = Assets.xcassets; sourceTree = "<group>"; };
		E3A47A3E25EA2C53002BDE69 /* Base */ = {isa = PBXFileReference; lastKnownFileType = file.storyboard; name = Base; path = Base.lproj/LaunchScreen.storyboard; sourceTree = "<group>"; };
		E3A47A4025EA2C53002BDE69 /* Info.plist */ = {isa = PBXFileReference; lastKnownFileType = text.plist.xml; path = Info.plist; sourceTree = "<group>"; };
		E3A47A4F25EA2D8C002BDE69 /* TabBarController.swift */ = {isa = PBXFileReference; lastKnownFileType = sourcecode.swift; path = TabBarController.swift; sourceTree = "<group>"; };
		E3A47A5725EA2FCC002BDE69 /* StocksListProtocols.swift */ = {isa = PBXFileReference; lastKnownFileType = sourcecode.swift; path = StocksListProtocols.swift; sourceTree = "<group>"; };
		E3A47A5C25EA2FDE002BDE69 /* StocksListRouter.swift */ = {isa = PBXFileReference; lastKnownFileType = sourcecode.swift; path = StocksListRouter.swift; sourceTree = "<group>"; };
		E3A47A5F25EA2FEA002BDE69 /* StocksListInteractor.swift */ = {isa = PBXFileReference; lastKnownFileType = sourcecode.swift; path = StocksListInteractor.swift; sourceTree = "<group>"; };
		E3A47A6225EA2FF7002BDE69 /* StocksListViewController.swift */ = {isa = PBXFileReference; lastKnownFileType = sourcecode.swift; path = StocksListViewController.swift; sourceTree = "<group>"; };
		E3A47A6525EA3006002BDE69 /* StocksListContainer.swift */ = {isa = PBXFileReference; lastKnownFileType = sourcecode.swift; path = StocksListContainer.swift; sourceTree = "<group>"; };
		E3A47A6825EA304F002BDE69 /* StocksListPresenter.swift */ = {isa = PBXFileReference; lastKnownFileType = sourcecode.swift; path = StocksListPresenter.swift; sourceTree = "<group>"; };
/* End PBXFileReference section */

/* Begin PBXFrameworksBuildPhase section */
		E3A47A2C25EA2C51002BDE69 /* Frameworks */ = {
			isa = PBXFrameworksBuildPhase;
			buildActionMask = 2147483647;
			files = (
			);
			runOnlyForDeploymentPostprocessing = 0;
		};
/* End PBXFrameworksBuildPhase section */

/* Begin PBXGroup section */
		E3A47A2625EA2C51002BDE69 = {
			isa = PBXGroup;
			children = (
				E3A47A3125EA2C51002BDE69 /* TossACoin */,
				E3A47A3025EA2C51002BDE69 /* Products */,
			);
			sourceTree = "<group>";
		};
		E3A47A3025EA2C51002BDE69 /* Products */ = {
			isa = PBXGroup;
			children = (
				E3A47A2F25EA2C51002BDE69 /* TossACoin.app */,
			);
			name = Products;
			sourceTree = "<group>";
		};
		E3A47A3125EA2C51002BDE69 /* TossACoin */ = {
			isa = PBXGroup;
			children = (
				E3A47A4E25EA2D70002BDE69 /* TabBarController */,
				E3A47A4D25EA2D5E002BDE69 /* Enviroment&Service */,
				E3A47A4C25EA2D4B002BDE69 /* Modules */,
				E3A47A4B25EA2C9C002BDE69 /* Resources&Entrance */,
			);
			path = TossACoin;
			sourceTree = "<group>";
		};
		E3A47A4B25EA2C9C002BDE69 /* Resources&Entrance */ = {
			isa = PBXGroup;
			children = (
				E3A47A3225EA2C51002BDE69 /* AppDelegate.swift */,
				E3A47A3B25EA2C53002BDE69 /* Assets.xcassets */,
				E3A47A3D25EA2C53002BDE69 /* LaunchScreen.storyboard */,
				E3A47A4025EA2C53002BDE69 /* Info.plist */,
			);
			path = "Resources&Entrance";
			sourceTree = "<group>";
		};
		E3A47A4C25EA2D4B002BDE69 /* Modules */ = {
			isa = PBXGroup;
			children = (
				E3A47A5625EA2FB1002BDE69 /* StocksList */,
			);
			path = Modules;
			sourceTree = "<group>";
		};
		E3A47A4D25EA2D5E002BDE69 /* Enviroment&Service */ = {
			isa = PBXGroup;
			children = (
			);
			path = "Enviroment&Service";
			sourceTree = "<group>";
		};
		E3A47A4E25EA2D70002BDE69 /* TabBarController */ = {
			isa = PBXGroup;
			children = (
				E3A47A4F25EA2D8C002BDE69 /* TabBarController.swift */,
			);
			path = TabBarController;
			sourceTree = "<group>";
		};
		E3A47A5625EA2FB1002BDE69 /* StocksList */ = {
			isa = PBXGroup;
			children = (
				E3A47A5725EA2FCC002BDE69 /* StocksListProtocols.swift */,
				E3A47A5C25EA2FDE002BDE69 /* StocksListRouter.swift */,
				E3A47A5F25EA2FEA002BDE69 /* StocksListInteractor.swift */,
				E3A47A6225EA2FF7002BDE69 /* StocksListViewController.swift */,
				E3A47A6525EA3006002BDE69 /* StocksListContainer.swift */,
				E3A47A6825EA304F002BDE69 /* StocksListPresenter.swift */,
			);
			path = StocksList;
			sourceTree = "<group>";
		};
/* End PBXGroup section */

/* Begin PBXNativeTarget section */
		E3A47A2E25EA2C51002BDE69 /* TossACoin */ = {
			isa = PBXNativeTarget;
			buildConfigurationList = E3A47A4325EA2C53002BDE69 /* Build configuration list for PBXNativeTarget "TossACoin" */;
			buildPhases = (
				E3A47A2B25EA2C51002BDE69 /* Sources */,
				E3A47A2C25EA2C51002BDE69 /* Frameworks */,
				E3A47A2D25EA2C51002BDE69 /* Resources */,
			);
			buildRules = (
			);
			dependencies = (
			);
			name = TossACoin;
			productName = TossACoin;
			productReference = E3A47A2F25EA2C51002BDE69 /* TossACoin.app */;
			productType = "com.apple.product-type.application";
		};
/* End PBXNativeTarget section */

/* Begin PBXProject section */
		E3A47A2725EA2C51002BDE69 /* Project object */ = {
			isa = PBXProject;
			attributes = {
				LastSwiftUpdateCheck = 1220;
				LastUpgradeCheck = 1220;
				TargetAttributes = {
					E3A47A2E25EA2C51002BDE69 = {
						CreatedOnToolsVersion = 12.2;
					};
				};
			};
			buildConfigurationList = E3A47A2A25EA2C51002BDE69 /* Build configuration list for PBXProject "TossACoin" */;
			compatibilityVersion = "Xcode 9.3";
			developmentRegion = en;
			hasScannedForEncodings = 0;
			knownRegions = (
				en,
				Base,
			);
			mainGroup = E3A47A2625EA2C51002BDE69;
			productRefGroup = E3A47A3025EA2C51002BDE69 /* Products */;
			projectDirPath = "";
			projectRoot = "";
			targets = (
				E3A47A2E25EA2C51002BDE69 /* TossACoin */,
			);
		};
/* End PBXProject section */

/* Begin PBXResourcesBuildPhase section */
		E3A47A2D25EA2C51002BDE69 /* Resources */ = {
			isa = PBXResourcesBuildPhase;
			buildActionMask = 2147483647;
			files = (
				E3A47A3F25EA2C53002BDE69 /* LaunchScreen.storyboard in Resources */,
				E3A47A3C25EA2C53002BDE69 /* Assets.xcassets in Resources */,
			);
			runOnlyForDeploymentPostprocessing = 0;
		};
/* End PBXResourcesBuildPhase section */

/* Begin PBXSourcesBuildPhase section */
		E3A47A2B25EA2C51002BDE69 /* Sources */ = {
			isa = PBXSourcesBuildPhase;
			buildActionMask = 2147483647;
			files = (
				E3A47A3325EA2C51002BDE69 /* AppDelegate.swift in Sources */,
				E3A47A5D25EA2FDE002BDE69 /* StocksListRouter.swift in Sources */,
				E3A47A6025EA2FEA002BDE69 /* StocksListInteractor.swift in Sources */,
				E3A47A6325EA2FF7002BDE69 /* StocksListViewController.swift in Sources */,
				E3A47A5825EA2FCC002BDE69 /* StocksListProtocols.swift in Sources */,
				E3A47A6625EA3006002BDE69 /* StocksListContainer.swift in Sources */,
				E3A47A5025EA2D8C002BDE69 /* TabBarController.swift in Sources */,
				E3A47A6925EA304F002BDE69 /* StocksListPresenter.swift in Sources */,
			);
			runOnlyForDeploymentPostprocessing = 0;
		};
/* End PBXSourcesBuildPhase section */

/* Begin PBXVariantGroup section */
		E3A47A3D25EA2C53002BDE69 /* LaunchScreen.storyboard */ = {
			isa = PBXVariantGroup;
			children = (
				E3A47A3E25EA2C53002BDE69 /* Base */,
			);
			name = LaunchScreen.storyboard;
			sourceTree = "<group>";
		};
/* End PBXVariantGroup section */

/* Begin XCBuildConfiguration section */
		E3A47A4125EA2C53002BDE69 /* Debug */ = {
			isa = XCBuildConfiguration;
			buildSettings = {
				ALWAYS_SEARCH_USER_PATHS = NO;
				CLANG_ANALYZER_NONNULL = YES;
				CLANG_ANALYZER_NUMBER_OBJECT_CONVERSION = YES_AGGRESSIVE;
				CLANG_CXX_LANGUAGE_STANDARD = "gnu++14";
				CLANG_CXX_LIBRARY = "libc++";
				CLANG_ENABLE_MODULES = YES;
				CLANG_ENABLE_OBJC_ARC = YES;
				CLANG_ENABLE_OBJC_WEAK = YES;
				CLANG_WARN_BLOCK_CAPTURE_AUTORELEASING = YES;
				CLANG_WARN_BOOL_CONVERSION = YES;
				CLANG_WARN_COMMA = YES;
				CLANG_WARN_CONSTANT_CONVERSION = YES;
				CLANG_WARN_DEPRECATED_OBJC_IMPLEMENTATIONS = YES;
				CLANG_WARN_DIRECT_OBJC_ISA_USAGE = YES_ERROR;
				CLANG_WARN_DOCUMENTATION_COMMENTS = YES;
				CLANG_WARN_EMPTY_BODY = YES;
				CLANG_WARN_ENUM_CONVERSION = YES;
				CLANG_WARN_INFINITE_RECURSION = YES;
				CLANG_WARN_INT_CONVERSION = YES;
				CLANG_WARN_NON_LITERAL_NULL_CONVERSION = YES;
				CLANG_WARN_OBJC_IMPLICIT_RETAIN_SELF = YES;
				CLANG_WARN_OBJC_LITERAL_CONVERSION = YES;
				CLANG_WARN_OBJC_ROOT_CLASS = YES_ERROR;
				CLANG_WARN_QUOTED_INCLUDE_IN_FRAMEWORK_HEADER = YES;
				CLANG_WARN_RANGE_LOOP_ANALYSIS = YES;
				CLANG_WARN_STRICT_PROTOTYPES = YES;
				CLANG_WARN_SUSPICIOUS_MOVE = YES;
				CLANG_WARN_UNGUARDED_AVAILABILITY = YES_AGGRESSIVE;
				CLANG_WARN_UNREACHABLE_CODE = YES;
				CLANG_WARN__DUPLICATE_METHOD_MATCH = YES;
				COPY_PHASE_STRIP = NO;
				DEBUG_INFORMATION_FORMAT = dwarf;
				ENABLE_STRICT_OBJC_MSGSEND = YES;
				ENABLE_TESTABILITY = YES;
				GCC_C_LANGUAGE_STANDARD = gnu11;
				GCC_DYNAMIC_NO_PIC = NO;
				GCC_NO_COMMON_BLOCKS = YES;
				GCC_OPTIMIZATION_LEVEL = 0;
				GCC_PREPROCESSOR_DEFINITIONS = (
					"DEBUG=1",
					"$(inherited)",
				);
				GCC_WARN_64_TO_32_BIT_CONVERSION = YES;
				GCC_WARN_ABOUT_RETURN_TYPE = YES_ERROR;
				GCC_WARN_UNDECLARED_SELECTOR = YES;
				GCC_WARN_UNINITIALIZED_AUTOS = YES_AGGRESSIVE;
				GCC_WARN_UNUSED_FUNCTION = YES;
				GCC_WARN_UNUSED_VARIABLE = YES;
				IPHONEOS_DEPLOYMENT_TARGET = 14.2;
				MTL_ENABLE_DEBUG_INFO = INCLUDE_SOURCE;
				MTL_FAST_MATH = YES;
				ONLY_ACTIVE_ARCH = YES;
				SDKROOT = iphoneos;
				SWIFT_ACTIVE_COMPILATION_CONDITIONS = DEBUG;
				SWIFT_OPTIMIZATION_LEVEL = "-Onone";
			};
			name = Debug;
		};
		E3A47A4225EA2C53002BDE69 /* Release */ = {
			isa = XCBuildConfiguration;
			buildSettings = {
				ALWAYS_SEARCH_USER_PATHS = NO;
				CLANG_ANALYZER_NONNULL = YES;
				CLANG_ANALYZER_NUMBER_OBJECT_CONVERSION = YES_AGGRESSIVE;
				CLANG_CXX_LANGUAGE_STANDARD = "gnu++14";
				CLANG_CXX_LIBRARY = "libc++";
				CLANG_ENABLE_MODULES = YES;
				CLANG_ENABLE_OBJC_ARC = YES;
				CLANG_ENABLE_OBJC_WEAK = YES;
				CLANG_WARN_BLOCK_CAPTURE_AUTORELEASING = YES;
				CLANG_WARN_BOOL_CONVERSION = YES;
				CLANG_WARN_COMMA = YES;
				CLANG_WARN_CONSTANT_CONVERSION = YES;
				CLANG_WARN_DEPRECATED_OBJC_IMPLEMENTATIONS = YES;
				CLANG_WARN_DIRECT_OBJC_ISA_USAGE = YES_ERROR;
				CLANG_WARN_DOCUMENTATION_COMMENTS = YES;
				CLANG_WARN_EMPTY_BODY = YES;
				CLANG_WARN_ENUM_CONVERSION = YES;
				CLANG_WARN_INFINITE_RECURSION = YES;
				CLANG_WARN_INT_CONVERSION = YES;
				CLANG_WARN_NON_LITERAL_NULL_CONVERSION = YES;
				CLANG_WARN_OBJC_IMPLICIT_RETAIN_SELF = YES;
				CLANG_WARN_OBJC_LITERAL_CONVERSION = YES;
				CLANG_WARN_OBJC_ROOT_CLASS = YES_ERROR;
				CLANG_WARN_QUOTED_INCLUDE_IN_FRAMEWORK_HEADER = YES;
				CLANG_WARN_RANGE_LOOP_ANALYSIS = YES;
				CLANG_WARN_STRICT_PROTOTYPES = YES;
				CLANG_WARN_SUSPICIOUS_MOVE = YES;
				CLANG_WARN_UNGUARDED_AVAILABILITY = YES_AGGRESSIVE;
				CLANG_WARN_UNREACHABLE_CODE = YES;
				CLANG_WARN__DUPLICATE_METHOD_MATCH = YES;
				COPY_PHASE_STRIP = NO;
				DEBUG_INFORMATION_FORMAT = "dwarf-with-dsym";
				ENABLE_NS_ASSERTIONS = NO;
				ENABLE_STRICT_OBJC_MSGSEND = YES;
				GCC_C_LANGUAGE_STANDARD = gnu11;
				GCC_NO_COMMON_BLOCKS = YES;
				GCC_WARN_64_TO_32_BIT_CONVERSION = YES;
				GCC_WARN_ABOUT_RETURN_TYPE = YES_ERROR;
				GCC_WARN_UNDECLARED_SELECTOR = YES;
				GCC_WARN_UNINITIALIZED_AUTOS = YES_AGGRESSIVE;
				GCC_WARN_UNUSED_FUNCTION = YES;
				GCC_WARN_UNUSED_VARIABLE = YES;
				IPHONEOS_DEPLOYMENT_TARGET = 14.2;
				MTL_ENABLE_DEBUG_INFO = NO;
				MTL_FAST_MATH = YES;
				SDKROOT = iphoneos;
				SWIFT_COMPILATION_MODE = wholemodule;
				SWIFT_OPTIMIZATION_LEVEL = "-O";
				VALIDATE_PRODUCT = YES;
			};
			name = Release;
		};
		E3A47A4425EA2C53002BDE69 /* Debug */ = {
			isa = XCBuildConfiguration;
			buildSettings = {
				ASSETCATALOG_COMPILER_APPICON_NAME = AppIcon;
				ASSETCATALOG_COMPILER_GLOBAL_ACCENT_COLOR_NAME = AccentColor;
				CODE_SIGN_STYLE = Automatic;
				INFOPLIST_FILE = "TossACoin/Resources&Entrance/Info.plist";
				LD_RUNPATH_SEARCH_PATHS = (
					"$(inherited)",
					"@executable_path/Frameworks",
				);
				PRODUCT_BUNDLE_IDENTIFIER = Sofya.TossACoin;
				PRODUCT_NAME = "$(TARGET_NAME)";
				SWIFT_VERSION = 5.0;
				TARGETED_DEVICE_FAMILY = "1,2";
			};
			name = Debug;
		};
		E3A47A4525EA2C53002BDE69 /* Release */ = {
			isa = XCBuildConfiguration;
			buildSettings = {
				ASSETCATALOG_COMPILER_APPICON_NAME = AppIcon;
				ASSETCATALOG_COMPILER_GLOBAL_ACCENT_COLOR_NAME = AccentColor;
				CODE_SIGN_STYLE = Automatic;
				INFOPLIST_FILE = "TossACoin/Resources&Entrance/Info.plist";
				LD_RUNPATH_SEARCH_PATHS = (
					"$(inherited)",
					"@executable_path/Frameworks",
				);
				PRODUCT_BUNDLE_IDENTIFIER = Sofya.TossACoin;
				PRODUCT_NAME = "$(TARGET_NAME)";
				SWIFT_VERSION = 5.0;
				TARGETED_DEVICE_FAMILY = "1,2";
			};
			name = Release;
		};
/* End XCBuildConfiguration section */

/* Begin XCConfigurationList section */
		E3A47A2A25EA2C51002BDE69 /* Build configuration list for PBXProject "TossACoin" */ = {
			isa = XCConfigurationList;
			buildConfigurations = (
				E3A47A4125EA2C53002BDE69 /* Debug */,
				E3A47A4225EA2C53002BDE69 /* Release */,
			);
			defaultConfigurationIsVisible = 0;
			defaultConfigurationName = Release;
		};
		E3A47A4325EA2C53002BDE69 /* Build configuration list for PBXNativeTarget "TossACoin" */ = {
			isa = XCConfigurationList;
			buildConfigurations = (
				E3A47A4425EA2C53002BDE69 /* Debug */,
				E3A47A4525EA2C53002BDE69 /* Release */,
			);
			defaultConfigurationIsVisible = 0;
			defaultConfigurationName = Release;
		};
/* End XCConfigurationList section */
	};
	rootObject = E3A47A2725EA2C51002BDE69 /* Project object */;
}
